
Microsoft Visual Studio Solution File, Format Version 12.00
# Visual Studio Version 17
VisualStudioVersion = 17.7.34024.191
MinimumVisualStudioVersion = 10.0.40219.1
Project("{FAE04EC0-301F-11D3-BF4B-00C04F79EFBC}") = "Swing", "Swing.csproj", "{37B56096-EFAF-47F5-B6FE-0D5B94BFB8D4}"
EndProject
Global
	GlobalSection(SolutionConfigurationPlatforms) = preSolution
		Debug|Any CPU = Debug|Any CPU
		Release|Any CPU = Release|Any CPU
	EndGlobalSection
	GlobalSection(ProjectConfigurationPlatforms) = postSolution
		{37B56096-EFAF-47F5-B6FE-0D5B94BFB8D4}.Debug|Any CPU.ActiveCfg = Debug|Any CPU
		{37B56096-EFAF-47F5-B6FE-0D5B94BFB8D4}.Debug|Any CPU.Build.0 = Debug|Any CPU
		{37B56096-EFAF-47F5-B6FE-0D5B94BFB8D4}.Release|Any CPU.ActiveCfg = Release|Any CPU
		{37B56096-EFAF-47F5-B6FE-0D5B94BFB8D4}.Release|Any CPU.Build.0 = Release|Any CPU
	EndGlobalSection
	GlobalSection(SolutionProperties) = preSolution
		HideSolutionNode = FALSE
	EndGlobalSection
	GlobalSection(ExtensibilityGlobals) = postSolution
		SolutionGuid = {89E73FDF-8BAA-45AB-A98D-F6159286FC81}
	EndGlobalSection
EndGlobal
